
Microsoft Visual Studio Solution File, Format Version 12.00
# Visual Studio 14
VisualStudioVersion = 14.0.25420.1
MinimumVisualStudioVersion = 10.0.40219.1
Project("{FAE04EC0-301F-11D3-BF4B-00C04F79EFBC}") = "WebApplication1", "WebApplication1\WebApplication1.csproj", "{EC1F9633-7798-4485-9646-16737329DEF6}"
EndProject
Project("{FAE04EC0-301F-11D3-BF4B-00C04F79EFBC}") = "WebApplication1.Tests", "WebApplication1.Tests\WebApplication1.Tests.csproj", "{DFE1FE15-7FE5-4C64-AC7D-799B046D6E5E}"
EndProject
Global
	GlobalSection(SolutionConfigurationPlatforms) = preSolution
		Debug|Any CPU = Debug|Any CPU
		Release|Any CPU = Release|Any CPU
	EndGlobalSection
	GlobalSection(ProjectConfigurationPlatforms) = postSolution
		{EC1F9633-7798-4485-9646-16737329DEF6}.Debug|Any CPU.ActiveCfg = Debug|Any CPU
		{EC1F9633-7798-4485-9646-16737329DEF6}.Debug|Any CPU.Build.0 = Debug|Any CPU
		{EC1F9633-7798-4485-9646-16737329DEF6}.Release|Any CPU.ActiveCfg = Release|Any CPU
		{EC1F9633-7798-4485-9646-16737329DEF6}.Release|Any CPU.Build.0 = Release|Any CPU
		{DFE1FE15-7FE5-4C64-AC7D-799B046D6E5E}.Debug|Any CPU.ActiveCfg = Debug|Any CPU
		{DFE1FE15-7FE5-4C64-AC7D-799B046D6E5E}.Debug|Any CPU.Build.0 = Debug|Any CPU
		{DFE1FE15-7FE5-4C64-AC7D-799B046D6E5E}.Release|Any CPU.ActiveCfg = Release|Any CPU
		{DFE1FE15-7FE5-4C64-AC7D-799B046D6E5E}.Release|Any CPU.Build.0 = Release|Any CPU
	EndGlobalSection
	GlobalSection(SolutionProperties) = preSolution
		HideSolutionNode = FALSE
	EndGlobalSection
EndGlobal
